
Microsoft Visual Studio Solution File, Format Version 12.00
# Visual Studio 15
VisualStudioVersion = 15.0.28307.136
MinimumVisualStudioVersion = 10.0.40219.1
Project("{FAE04EC0-301F-11D3-BF4B-00C04F79EFBC}") = "azure532", "azure532\azure532.csproj", "{21F338AA-E53A-4CF7-B17C-CF49183394B4}"
EndProject
Global
	GlobalSection(SolutionConfigurationPlatforms) = preSolution
		Debug|Any CPU = Debug|Any CPU
		Release|Any CPU = Release|Any CPU
	EndGlobalSection
	GlobalSection(ProjectConfigurationPlatforms) = postSolution
		{21F338AA-E53A-4CF7-B17C-CF49183394B4}.Debug|Any CPU.ActiveCfg = Debug|Any CPU
		{21F338AA-E53A-4CF7-B17C-CF49183394B4}.Debug|Any CPU.Build.0 = Debug|Any CPU
		{21F338AA-E53A-4CF7-B17C-CF49183394B4}.Release|Any CPU.ActiveCfg = Release|Any CPU
		{21F338AA-E53A-4CF7-B17C-CF49183394B4}.Release|Any CPU.Build.0 = Release|Any CPU
	EndGlobalSection
	GlobalSection(SolutionProperties) = preSolution
		HideSolutionNode = FALSE
	EndGlobalSection
	GlobalSection(ExtensibilityGlobals) = postSolution
		SolutionGuid = {784E4EC5-7AC3-427F-A7F8-6DC77B0AC9DC}
	EndGlobalSection
EndGlobal
